
Microsoft Visual Studio Solution File, Format Version 12.00
# Visual Studio Version 17
VisualStudioVersion = 17.14.36414.22
MinimumVisualStudioVersion = 10.0.40219.1
Project("{FAE04EC0-301F-11D3-BF4B-00C04F79EFBC}") = "Modulo4FiltroEventosWinForms", "Modulo4FiltroEventosWinForms.csproj", "{3BA786F0-4C5A-8DB6-0999-17133047C964}"
EndProject
Global
	GlobalSection(SolutionConfigurationPlatforms) = preSolution
		Debug|Any CPU = Debug|Any CPU
		Release|Any CPU = Release|Any CPU
	EndGlobalSection
	GlobalSection(ProjectConfigurationPlatforms) = postSolution
		{3BA786F0-4C5A-8DB6-0999-17133047C964}.Debug|Any CPU.ActiveCfg = Debug|Any CPU
		{3BA786F0-4C5A-8DB6-0999-17133047C964}.Debug|Any CPU.Build.0 = Debug|Any CPU
		{3BA786F0-4C5A-8DB6-0999-17133047C964}.Release|Any CPU.ActiveCfg = Release|Any CPU
		{3BA786F0-4C5A-8DB6-0999-17133047C964}.Release|Any CPU.Build.0 = Release|Any CPU
	EndGlobalSection
	GlobalSection(SolutionProperties) = preSolution
		HideSolutionNode = FALSE
	EndGlobalSection
	GlobalSection(ExtensibilityGlobals) = postSolution
		SolutionGuid = {0007FA89-BDC6-4AE0-BE1C-9B03E93CCDAF}
	EndGlobalSection
EndGlobal
